// !$*UTF8*$!
{
	archiveVersion = 1;
	classes = {
	};
	objectVersion = 56;
	objects = {

/* Begin PBXBuildFile section */
		93DD72DA2AB24D9D00536D37 /* NewTestTaskApp.swift in Sources */ = {isa = PBXBuildFile; fileRef = 93DD72D92AB24D9D00536D37 /* NewTestTaskApp.swift */; };
		93DD72DC2AB24D9D00536D37 /* ContentView.swift in Sources */ = {isa = PBXBuildFile; fileRef = 93DD72DB2AB24D9D00536D37 /* ContentView.swift */; };
		93DD72DE2AB24D9F00536D37 /* Assets.xcassets in Resources */ = {isa = PBXBuildFile; fileRef = 93DD72DD2AB24D9F00536D37 /* Assets.xcassets */; };
		93DD72E12AB24D9F00536D37 /* Preview Assets.xcassets in Resources */ = {isa = PBXBuildFile; fileRef = 93DD72E02AB24D9F00536D37 /* Preview Assets.xcassets */; };
		93DD72EA2AB24FF700536D37 /* StorageView.swift in Sources */ = {isa = PBXBuildFile; fileRef = 93DD72E92AB24FF700536D37 /* StorageView.swift */; };
		93DD72EC2AB2500A00536D37 /* NetworkView.swift in Sources */ = {isa = PBXBuildFile; fileRef = 93DD72EB2AB2500A00536D37 /* NetworkView.swift */; };
		93DD72EE2AB2502100536D37 /* ButtonView.swift in Sources */ = {isa = PBXBuildFile; fileRef = 93DD72ED2AB2502100536D37 /* ButtonView.swift */; };
		93DD72F02AB2503B00536D37 /* WebView.swift in Sources */ = {isa = PBXBuildFile; fileRef = 93DD72EF2AB2503B00536D37 /* WebView.swift */; };
		93DD72F32AB2530B00536D37 /* Realm in Frameworks */ = {isa = PBXBuildFile; productRef = 93DD72F22AB2530B00536D37 /* Realm */; };
		93DD72F52AB2530B00536D37 /* RealmSwift in Frameworks */ = {isa = PBXBuildFile; productRef = 93DD72F42AB2530B00536D37 /* RealmSwift */; };
		93DD72F72AB253C100536D37 /* ToDo.swift in Sources */ = {isa = PBXBuildFile; fileRef = 93DD72F62AB253C100536D37 /* ToDo.swift */; };
		93DD72F92AB257B200536D37 /* Fact.swift in Sources */ = {isa = PBXBuildFile; fileRef = 93DD72F82AB257B200536D37 /* Fact.swift */; };
		93DD72FB2AB257C800536D37 /* Network.swift in Sources */ = {isa = PBXBuildFile; fileRef = 93DD72FA2AB257C800536D37 /* Network.swift */; };
/* End PBXBuildFile section */

/* Begin PBXFileReference section */
		93DD72D62AB24D9D00536D37 /* NewTestTask.app */ = {isa = PBXFileReference; explicitFileType = wrapper.application; includeInIndex = 0; path = NewTestTask.app; sourceTree = BUILT_PRODUCTS_DIR; };
		93DD72D92AB24D9D00536D37 /* NewTestTaskApp.swift */ = {isa = PBXFileReference; lastKnownFileType = sourcecode.swift; path = NewTestTaskApp.swift; sourceTree = "<group>"; };
		93DD72DB2AB24D9D00536D37 /* ContentView.swift */ = {isa = PBXFileReference; lastKnownFileType = sourcecode.swift; path = ContentView.swift; sourceTree = "<group>"; };
		93DD72DD2AB24D9F00536D37 /* Assets.xcassets */ = {isa = PBXFileReference; lastKnownFileType = folder.assetcatalog; path = Assets.xcassets; sourceTree = "<group>"; };
		93DD72E02AB24D9F00536D37 /* Preview Assets.xcassets */ = {isa = PBXFileReference; lastKnownFileType = folder.assetcatalog; path = "Preview Assets.xcassets"; sourceTree = "<group>"; };
		93DD72E92AB24FF700536D37 /* StorageView.swift */ = {isa = PBXFileReference; lastKnownFileType = sourcecode.swift; path = StorageView.swift; sourceTree = "<group>"; };
		93DD72EB2AB2500A00536D37 /* NetworkView.swift */ = {isa = PBXFileReference; lastKnownFileType = sourcecode.swift; path = NetworkView.swift; sourceTree = "<group>"; };
		93DD72ED2AB2502100536D37 /* ButtonView.swift */ = {isa = PBXFileReference; lastKnownFileType = sourcecode.swift; path = ButtonView.swift; sourceTree = "<group>"; };
		93DD72EF2AB2503B00536D37 /* WebView.swift */ = {isa = PBXFileReference; lastKnownFileType = sourcecode.swift; path = WebView.swift; sourceTree = "<group>"; };
		93DD72F62AB253C100536D37 /* ToDo.swift */ = {isa = PBXFileReference; lastKnownFileType = sourcecode.swift; path = ToDo.swift; sourceTree = "<group>"; };
		93DD72F82AB257B200536D37 /* Fact.swift */ = {isa = PBXFileReference; lastKnownFileType = sourcecode.swift; path = Fact.swift; sourceTree = "<group>"; };
		93DD72FA2AB257C800536D37 /* Network.swift */ = {isa = PBXFileReference; lastKnownFileType = sourcecode.swift; path = Network.swift; sourceTree = "<group>"; };
/* End PBXFileReference section */

/* Begin PBXFrameworksBuildPhase section */
		93DD72D32AB24D9D00536D37 /* Frameworks */ = {
			isa = PBXFrameworksBuildPhase;
			buildActionMask = 2147483647;
			files = (
				93DD72F52AB2530B00536D37 /* RealmSwift in Frameworks */,
				93DD72F32AB2530B00536D37 /* Realm in Frameworks */,
			);
			runOnlyForDeploymentPostprocessing = 0;
		};
/* End PBXFrameworksBuildPhase section */

/* Begin PBXGroup section */
		93DD72CD2AB24D9D00536D37 = {
			isa = PBXGroup;
			children = (
				93DD72D82AB24D9D00536D37 /* NewTestTask */,
				93DD72D72AB24D9D00536D37 /* Products */,
			);
			sourceTree = "<group>";
		};
		93DD72D72AB24D9D00536D37 /* Products */ = {
			isa = PBXGroup;
			children = (
				93DD72D62AB24D9D00536D37 /* NewTestTask.app */,
			);
			name = Products;
			sourceTree = "<group>";
		};
		93DD72D82AB24D9D00536D37 /* NewTestTask */ = {
			isa = PBXGroup;
			children = (
				93DD72E82AB24F8B00536D37 /* Views */,
				93DD72E72AB24F8000536D37 /* Models */,
				93DD72D92AB24D9D00536D37 /* NewTestTaskApp.swift */,
				93DD72DD2AB24D9F00536D37 /* Assets.xcassets */,
				93DD72DF2AB24D9F00536D37 /* Preview Content */,
			);
			path = NewTestTask;
			sourceTree = "<group>";
		};
		93DD72DF2AB24D9F00536D37 /* Preview Content */ = {
			isa = PBXGroup;
			children = (
				93DD72E02AB24D9F00536D37 /* Preview Assets.xcassets */,
			);
			path = "Preview Content";
			sourceTree = "<group>";
		};
		93DD72E72AB24F8000536D37 /* Models */ = {
			isa = PBXGroup;
			children = (
				93DD72F62AB253C100536D37 /* ToDo.swift */,
				93DD72F82AB257B200536D37 /* Fact.swift */,
				93DD72FA2AB257C800536D37 /* Network.swift */,
			);
			path = Models;
			sourceTree = "<group>";
		};
		93DD72E82AB24F8B00536D37 /* Views */ = {
			isa = PBXGroup;
			children = (
				93DD72DB2AB24D9D00536D37 /* ContentView.swift */,
				93DD72E92AB24FF700536D37 /* StorageView.swift */,
				93DD72EB2AB2500A00536D37 /* NetworkView.swift */,
				93DD72ED2AB2502100536D37 /* ButtonView.swift */,
				93DD72EF2AB2503B00536D37 /* WebView.swift */,
			);
			path = Views;
			sourceTree = "<group>";
		};
/* End PBXGroup section */

/* Begin PBXNativeTarget section */
		93DD72D52AB24D9D00536D37 /* NewTestTask */ = {
			isa = PBXNativeTarget;
			buildConfigurationList = 93DD72E42AB24D9F00536D37 /* Build configuration list for PBXNativeTarget "NewTestTask" */;
			buildPhases = (
				93DD72D22AB24D9D00536D37 /* Sources */,
				93DD72D32AB24D9D00536D37 /* Frameworks */,
				93DD72D42AB24D9D00536D37 /* Resources */,
			);
			buildRules = (
			);
			dependencies = (
			);
			name = NewTestTask;
			packageProductDependencies = (
				93DD72F22AB2530B00536D37 /* Realm */,
				93DD72F42AB2530B00536D37 /* RealmSwift */,
			);
			productName = NewTestTask;
			productReference = 93DD72D62AB24D9D00536D37 /* NewTestTask.app */;
			productType = "com.apple.product-type.application";
		};
/* End PBXNativeTarget section */

/* Begin PBXProject section */
		93DD72CE2AB24D9D00536D37 /* Project object */ = {
			isa = PBXProject;
			attributes = {
				BuildIndependentTargetsInParallel = 1;
				LastSwiftUpdateCheck = 1430;
				LastUpgradeCheck = 1430;
				TargetAttributes = {
					93DD72D52AB24D9D00536D37 = {
						CreatedOnToolsVersion = 14.3.1;
					};
				};
			};
			buildConfigurationList = 93DD72D12AB24D9D00536D37 /* Build configuration list for PBXProject "NewTestTask" */;
			compatibilityVersion = "Xcode 14.0";
			developmentRegion = en;
			hasScannedForEncodings = 0;
			knownRegions = (
				en,
				Base,
			);
			mainGroup = 93DD72CD2AB24D9D00536D37;
			packageReferences = (
				93DD72F12AB2530B00536D37 /* XCRemoteSwiftPackageReference "realm-swift" */,
			);
			productRefGroup = 93DD72D72AB24D9D00536D37 /* Products */;
			projectDirPath = "";
			projectRoot = "";
			targets = (
				93DD72D52AB24D9D00536D37 /* NewTestTask */,
			);
		};
/* End PBXProject section */

/* Begin PBXResourcesBuildPhase section */
		93DD72D42AB24D9D00536D37 /* Resources */ = {
			isa = PBXResourcesBuildPhase;
			buildActionMask = 2147483647;
			files = (
				93DD72E12AB24D9F00536D37 /* Preview Assets.xcassets in Resources */,
				93DD72DE2AB24D9F00536D37 /* Assets.xcassets in Resources */,
			);
			runOnlyForDeploymentPostprocessing = 0;
		};
/* End PBXResourcesBuildPhase section */

/* Begin PBXSourcesBuildPhase section */
		93DD72D22AB24D9D00536D37 /* Sources */ = {
			isa = PBXSourcesBuildPhase;
			buildActionMask = 2147483647;
			files = (
				93DD72EA2AB24FF700536D37 /* StorageView.swift in Sources */,
				93DD72F72AB253C100536D37 /* ToDo.swift in Sources */,
				93DD72EC2AB2500A00536D37 /* NetworkView.swift in Sources */,
				93DD72F92AB257B200536D37 /* Fact.swift in Sources */,
				93DD72EE2AB2502100536D37 /* ButtonView.swift in Sources */,
				93DD72FB2AB257C800536D37 /* Network.swift in Sources */,
				93DD72F02AB2503B00536D37 /* WebView.swift in Sources */,
				93DD72DC2AB24D9D00536D37 /* ContentView.swift in Sources */,
				93DD72DA2AB24D9D00536D37 /* NewTestTaskApp.swift in Sources */,
			);
			runOnlyForDeploymentPostprocessing = 0;
		};
/* End PBXSourcesBuildPhase section */

/* Begin XCBuildConfiguration section */
		93DD72E22AB24D9F00536D37 /* Debug */ = {
			isa = XCBuildConfiguration;
			buildSettings = {
				ALWAYS_SEARCH_USER_PATHS = NO;
				CLANG_ANALYZER_NONNULL = YES;
				CLANG_ANALYZER_NUMBER_OBJECT_CONVERSION = YES_AGGRESSIVE;
				CLANG_CXX_LANGUAGE_STANDARD = "gnu++20";
				CLANG_ENABLE_MODULES = YES;
				CLANG_ENABLE_OBJC_ARC = YES;
				CLANG_ENABLE_OBJC_WEAK = YES;
				CLANG_WARN_BLOCK_CAPTURE_AUTORELEASING = YES;
				CLANG_WARN_BOOL_CONVERSION = YES;
				CLANG_WARN_COMMA = YES;
				CLANG_WARN_CONSTANT_CONVERSION = YES;
				CLANG_WARN_DEPRECATED_OBJC_IMPLEMENTATIONS = YES;
				CLANG_WARN_DIRECT_OBJC_ISA_USAGE = YES_ERROR;
				CLANG_WARN_DOCUMENTATION_COMMENTS = YES;
				CLANG_WARN_EMPTY_BODY = YES;
				CLANG_WARN_ENUM_CONVERSION = YES;
				CLANG_WARN_INFINITE_RECURSION = YES;
				CLANG_WARN_INT_CONVERSION = YES;
				CLANG_WARN_NON_LITERAL_NULL_CONVERSION = YES;
				CLANG_WARN_OBJC_IMPLICIT_RETAIN_SELF = YES;
				CLANG_WARN_OBJC_LITERAL_CONVERSION = YES;
				CLANG_WARN_OBJC_ROOT_CLASS = YES_ERROR;
				CLANG_WARN_QUOTED_INCLUDE_IN_FRAMEWORK_HEADER = YES;
				CLANG_WARN_RANGE_LOOP_ANALYSIS = YES;
				CLANG_WARN_STRICT_PROTOTYPES = YES;
				CLANG_WARN_SUSPICIOUS_MOVE = YES;
				CLANG_WARN_UNGUARDED_AVAILABILITY = YES_AGGRESSIVE;
				CLANG_WARN_UNREACHABLE_CODE = YES;
				CLANG_WARN__DUPLICATE_METHOD_MATCH = YES;
				COPY_PHASE_STRIP = NO;
				DEBUG_INFORMATION_FORMAT = dwarf;
				ENABLE_STRICT_OBJC_MSGSEND = YES;
				ENABLE_TESTABILITY = YES;
				GCC_C_LANGUAGE_STANDARD = gnu11;
				GCC_DYNAMIC_NO_PIC = NO;
				GCC_NO_COMMON_BLOCKS = YES;
				GCC_OPTIMIZATION_LEVEL = 0;
				GCC_PREPROCESSOR_DEFINITIONS = (
					"DEBUG=1",
					"$(inherited)",
				);
				GCC_WARN_64_TO_32_BIT_CONVERSION = YES;
				GCC_WARN_ABOUT_RETURN_TYPE = YES_ERROR;
				GCC_WARN_UNDECLARED_SELECTOR = YES;
				GCC_WARN_UNINITIALIZED_AUTOS = YES_AGGRESSIVE;
				GCC_WARN_UNUSED_FUNCTION = YES;
				GCC_WARN_UNUSED_VARIABLE = YES;
				IPHONEOS_DEPLOYMENT_TARGET = 16.4;
				MTL_ENABLE_DEBUG_INFO = INCLUDE_SOURCE;
				MTL_FAST_MATH = YES;
				ONLY_ACTIVE_ARCH = YES;
				SDKROOT = iphoneos;
				SWIFT_ACTIVE_COMPILATION_CONDITIONS = DEBUG;
				SWIFT_OPTIMIZATION_LEVEL = "-Onone";
			};
			name = Debug;
		};
		93DD72E32AB24D9F00536D37 /* Release */ = {
			isa = XCBuildConfiguration;
			buildSettings = {
				ALWAYS_SEARCH_USER_PATHS = NO;
				CLANG_ANALYZER_NONNULL = YES;
				CLANG_ANALYZER_NUMBER_OBJECT_CONVERSION = YES_AGGRESSIVE;
				CLANG_CXX_LANGUAGE_STANDARD = "gnu++20";
				CLANG_ENABLE_MODULES = YES;
				CLANG_ENABLE_OBJC_ARC = YES;
				CLANG_ENABLE_OBJC_WEAK = YES;
				CLANG_WARN_BLOCK_CAPTURE_AUTORELEASING = YES;
				CLANG_WARN_BOOL_CONVERSION = YES;
				CLANG_WARN_COMMA = YES;
				CLANG_WARN_CONSTANT_CONVERSION = YES;
				CLANG_WARN_DEPRECATED_OBJC_IMPLEMENTATIONS = YES;
				CLANG_WARN_DIRECT_OBJC_ISA_USAGE = YES_ERROR;
				CLANG_WARN_DOCUMENTATION_COMMENTS = YES;
				CLANG_WARN_EMPTY_BODY = YES;
				CLANG_WARN_ENUM_CONVERSION = YES;
				CLANG_WARN_INFINITE_RECURSION = YES;
				CLANG_WARN_INT_CONVERSION = YES;
				CLANG_WARN_NON_LITERAL_NULL_CONVERSION = YES;
				CLANG_WARN_OBJC_IMPLICIT_RETAIN_SELF = YES;
				CLANG_WARN_OBJC_LITERAL_CONVERSION = YES;
				CLANG_WARN_OBJC_ROOT_CLASS = YES_ERROR;
				CLANG_WARN_QUOTED_INCLUDE_IN_FRAMEWORK_HEADER = YES;
				CLANG_WARN_RANGE_LOOP_ANALYSIS = YES;
				CLANG_WARN_STRICT_PROTOTYPES = YES;
				CLANG_WARN_SUSPICIOUS_MOVE = YES;
				CLANG_WARN_UNGUARDED_AVAILABILITY = YES_AGGRESSIVE;
				CLANG_WARN_UNREACHABLE_CODE = YES;
				CLANG_WARN__DUPLICATE_METHOD_MATCH = YES;
				COPY_PHASE_STRIP = NO;
				DEBUG_INFORMATION_FORMAT = "dwarf-with-dsym";
				ENABLE_NS_ASSERTIONS = NO;
				ENABLE_STRICT_OBJC_MSGSEND = YES;
				GCC_C_LANGUAGE_STANDARD = gnu11;
				GCC_NO_COMMON_BLOCKS = YES;
				GCC_WARN_64_TO_32_BIT_CONVERSION = YES;
				GCC_WARN_ABOUT_RETURN_TYPE = YES_ERROR;
				GCC_WARN_UNDECLARED_SELECTOR = YES;
				GCC_WARN_UNINITIALIZED_AUTOS = YES_AGGRESSIVE;
				GCC_WARN_UNUSED_FUNCTION = YES;
				GCC_WARN_UNUSED_VARIABLE = YES;
				IPHONEOS_DEPLOYMENT_TARGET = 16.4;
				MTL_ENABLE_DEBUG_INFO = NO;
				MTL_FAST_MATH = YES;
				SDKROOT = iphoneos;
				SWIFT_COMPILATION_MODE = wholemodule;
				SWIFT_OPTIMIZATION_LEVEL = "-O";
				VALIDATE_PRODUCT = YES;
			};
			name = Release;
		};
		93DD72E52AB24D9F00536D37 /* Debug */ = {
			isa = XCBuildConfiguration;
			buildSettings = {
				ASSETCATALOG_COMPILER_APPICON_NAME = AppIcon;
				ASSETCATALOG_COMPILER_GLOBAL_ACCENT_COLOR_NAME = AccentColor;
				CODE_SIGN_STYLE = Automatic;
				CURRENT_PROJECT_VERSION = 1;
				DEVELOPMENT_ASSET_PATHS = "\"NewTestTask/Preview Content\"";
				DEVELOPMENT_TEAM = 8829THVXWJ;
				ENABLE_PREVIEWS = YES;
				GENERATE_INFOPLIST_FILE = YES;
				INFOPLIST_KEY_UIApplicationSceneManifest_Generation = YES;
				INFOPLIST_KEY_UIApplicationSupportsIndirectInputEvents = YES;
				INFOPLIST_KEY_UILaunchScreen_Generation = YES;
				INFOPLIST_KEY_UISupportedInterfaceOrientations_iPad = "UIInterfaceOrientationPortrait UIInterfaceOrientationPortraitUpsideDown UIInterfaceOrientationLandscapeLeft UIInterfaceOrientationLandscapeRight";
				INFOPLIST_KEY_UISupportedInterfaceOrientations_iPhone = "UIInterfaceOrientationPortrait UIInterfaceOrientationLandscapeLeft UIInterfaceOrientationLandscapeRight";
				LD_RUNPATH_SEARCH_PATHS = (
					"$(inherited)",
					"@executable_path/Frameworks",
				);
				MARKETING_VERSION = 1.0;
				PRODUCT_BUNDLE_IDENTIFIER = "-.NewTestTask";
				PRODUCT_NAME = "$(TARGET_NAME)";
				SWIFT_EMIT_LOC_STRINGS = YES;
				SWIFT_VERSION = 5.0;
				TARGETED_DEVICE_FAMILY = "1,2";
			};
			name = Debug;
		};
		93DD72E62AB24D9F00536D37 /* Release */ = {
			isa = XCBuildConfiguration;
			buildSettings = {
				ASSETCATALOG_COMPILER_APPICON_NAME = AppIcon;
				ASSETCATALOG_COMPILER_GLOBAL_ACCENT_COLOR_NAME = AccentColor;
				CODE_SIGN_STYLE = Automatic;
				CURRENT_PROJECT_VERSION = 1;
				DEVELOPMENT_ASSET_PATHS = "\"NewTestTask/Preview Content\"";
				DEVELOPMENT_TEAM = 8829THVXWJ;
				ENABLE_PREVIEWS = YES;
				GENERATE_INFOPLIST_FILE = YES;
				INFOPLIST_KEY_UIApplicationSceneManifest_Generation = YES;
				INFOPLIST_KEY_UIApplicationSupportsIndirectInputEvents = YES;
				INFOPLIST_KEY_UILaunchScreen_Generation = YES;
				INFOPLIST_KEY_UISupportedInterfaceOrientations_iPad = "UIInterfaceOrientationPortrait UIInterfaceOrientationPortraitUpsideDown UIInterfaceOrientationLandscapeLeft UIInterfaceOrientationLandscapeRight";
				INFOPLIST_KEY_UISupportedInterfaceOrientations_iPhone = "UIInterfaceOrientationPortrait UIInterfaceOrientationLandscapeLeft UIInterfaceOrientationLandscapeRight";
				LD_RUNPATH_SEARCH_PATHS = (
					"$(inherited)",
					"@executable_path/Frameworks",
				);
				MARKETING_VERSION = 1.0;
				PRODUCT_BUNDLE_IDENTIFIER = "-.NewTestTask";
				PRODUCT_NAME = "$(TARGET_NAME)";
				SWIFT_EMIT_LOC_STRINGS = YES;
				SWIFT_VERSION = 5.0;
				TARGETED_DEVICE_FAMILY = "1,2";
			};
			name = Release;
		};
/* End XCBuildConfiguration section */

/* Begin XCConfigurationList section */
		93DD72D12AB24D9D00536D37 /* Build configuration list for PBXProject "NewTestTask" */ = {
			isa = XCConfigurationList;
			buildConfigurations = (
				93DD72E22AB24D9F00536D37 /* Debug */,
				93DD72E32AB24D9F00536D37 /* Release */,
			);
			defaultConfigurationIsVisible = 0;
			defaultConfigurationName = Release;
		};
		93DD72E42AB24D9F00536D37 /* Build configuration list for PBXNativeTarget "NewTestTask" */ = {
			isa = XCConfigurationList;
			buildConfigurations = (
				93DD72E52AB24D9F00536D37 /* Debug */,
				93DD72E62AB24D9F00536D37 /* Release */,
			);
			defaultConfigurationIsVisible = 0;
			defaultConfigurationName = Release;
		};
/* End XCConfigurationList section */

/* Begin XCRemoteSwiftPackageReference section */
		93DD72F12AB2530B00536D37 /* XCRemoteSwiftPackageReference "realm-swift" */ = {
			isa = XCRemoteSwiftPackageReference;
			repositoryURL = "https://github.com/realm/realm-swift";
			requirement = {
				kind = upToNextMajorVersion;
				minimumVersion = 10.25.0;
			};
		};
/* End XCRemoteSwiftPackageReference section */

/* Begin XCSwiftPackageProductDependency section */
		93DD72F22AB2530B00536D37 /* Realm */ = {
			isa = XCSwiftPackageProductDependency;
			package = 93DD72F12AB2530B00536D37 /* XCRemoteSwiftPackageReference "realm-swift" */;
			productName = Realm;
		};
		93DD72F42AB2530B00536D37 /* RealmSwift */ = {
			isa = XCSwiftPackageProductDependency;
			package = 93DD72F12AB2530B00536D37 /* XCRemoteSwiftPackageReference "realm-swift" */;
			productName = RealmSwift;
		};
/* End XCSwiftPackageProductDependency section */
	};
	rootObject = 93DD72CE2AB24D9D00536D37 /* Project object */;
}
